PODS:
  - Alamofire (5.4.2)
  - Malert (4.1)

DEPENDENCIES:
  - Alamofire
  - Malert

SPEC REPOS:
  trunk:
    - Alamofire
    - Malert

SPEC CHECKSUMS:
  Alamofire: bfbc4c2fe5909b1d94fb4ef2277c6b3727ef5dae
  Malert: d7ae7306ea1b7d50ec66590256e4e4fe72c09876

PODFILE CHECKSUM: 199b37344ee11084e812f9f1202ed95ad88fe9c6

COCOAPODS: 1.8.4
